
Microsoft Visual Studio Solution File, Format Version 12.00
# Visual Studio 15
VisualStudioVersion = 15.0.28307.271
MinimumVisualStudioVersion = 10.0.40219.1
Project("{FAE04EC0-301F-11D3-BF4B-00C04F79EFBC}") = "BeatLinq", "BeatLinq\BeatLinq.csproj", "{538205F1-7E1C-4C8E-A2B6-C396EE2AF791}"
EndProject
Global
	GlobalSection(SolutionConfigurationPlatforms) = preSolution
		Debug|Any CPU = Debug|Any CPU
		Release|Any CPU = Release|Any CPU
	EndGlobalSection
	GlobalSection(ProjectConfigurationPlatforms) = postSolution
		{538205F1-7E1C-4C8E-A2B6-C396EE2AF791}.Debug|Any CPU.ActiveCfg = Debug|Any CPU
		{538205F1-7E1C-4C8E-A2B6-C396EE2AF791}.Debug|Any CPU.Build.0 = Debug|Any CPU
		{538205F1-7E1C-4C8E-A2B6-C396EE2AF791}.Release|Any CPU.ActiveCfg = Release|Any CPU
		{538205F1-7E1C-4C8E-A2B6-C396EE2AF791}.Release|Any CPU.Build.0 = Release|Any CPU
	EndGlobalSection
	GlobalSection(SolutionProperties) = preSolution
		HideSolutionNode = FALSE
	EndGlobalSection
	GlobalSection(ExtensibilityGlobals) = postSolution
		SolutionGuid = {9783CC93-7904-49C8-AFD8-C2124FF01595}
	EndGlobalSection
EndGlobal
